
Microsoft Visual Studio Solution File, Format Version 12.00
# Visual Studio 15
VisualStudioVersion = 15.0.27130.2036
MinimumVisualStudioVersion = 10.0.40219.1
Project("{9092AA53-FB77-4645-B42D-1CCCA6BD08BD}") = "MonitorService", "MonitorService\MonitorService.njsproj", "{2917D636-32C1-4320-AB44-E6BB7E6D85EA}"
EndProject
Global
	GlobalSection(SolutionConfigurationPlatforms) = preSolution
		Debug|Any CPU = Debug|Any CPU
		Release|Any CPU = Release|Any CPU
	EndGlobalSection
	GlobalSection(ProjectConfigurationPlatforms) = postSolution
		{2917D636-32C1-4320-AB44-E6BB7E6D85EA}.Debug|Any CPU.ActiveCfg = Debug|Any CPU
		{2917D636-32C1-4320-AB44-E6BB7E6D85EA}.Debug|Any CPU.Build.0 = Debug|Any CPU
		{2917D636-32C1-4320-AB44-E6BB7E6D85EA}.Release|Any CPU.ActiveCfg = Release|Any CPU
		{2917D636-32C1-4320-AB44-E6BB7E6D85EA}.Release|Any CPU.Build.0 = Release|Any CPU
	EndGlobalSection
	GlobalSection(SolutionProperties) = preSolution
		HideSolutionNode = FALSE
	EndGlobalSection
	GlobalSection(ExtensibilityGlobals) = postSolution
		SolutionGuid = {99D15830-FD58-4BFC-ADEB-E8394BF66A75}
	EndGlobalSection
EndGlobal
